
Microsoft Visual Studio Solution File, Format Version 12.00
# Visual Studio Version 17
VisualStudioVersion = 17.7.34031.279
MinimumVisualStudioVersion = 10.0.40219.1
Project("{9A19103F-16F7-4668-BE54-9A1E7A4F7556}") = "ChinookApp", "ChinookApp\ChinookApp.csproj", "{BF310C2E-6EF2-4150-8A36-8CD75E499830}"
EndProject
Project("{9A19103F-16F7-4668-BE54-9A1E7A4F7556}") = "ChinookApp.Tests", "ChinookApp.Tests\ChinookApp.Tests.csproj", "{5377076F-62E6-4F16-A959-C3B002644CA2}"
EndProject
Global
	GlobalSection(SolutionConfigurationPlatforms) = preSolution
		Debug|Any CPU = Debug|Any CPU
		Release|Any CPU = Release|Any CPU
	EndGlobalSection
	GlobalSection(ProjectConfigurationPlatforms) = postSolution
		{BF310C2E-6EF2-4150-8A36-8CD75E499830}.Debug|Any CPU.ActiveCfg = Debug|Any CPU
		{BF310C2E-6EF2-4150-8A36-8CD75E499830}.Debug|Any CPU.Build.0 = Debug|Any CPU
		{BF310C2E-6EF2-4150-8A36-8CD75E499830}.Debug|Any CPU.Deploy.0 = Debug|Any CPU
		{BF310C2E-6EF2-4150-8A36-8CD75E499830}.Release|Any CPU.ActiveCfg = Release|Any CPU
		{BF310C2E-6EF2-4150-8A36-8CD75E499830}.Release|Any CPU.Build.0 = Release|Any CPU
		{BF310C2E-6EF2-4150-8A36-8CD75E499830}.Release|Any CPU.Deploy.0 = Release|Any CPU
		{5377076F-62E6-4F16-A959-C3B002644CA2}.Debug|Any CPU.ActiveCfg = Debug|Any CPU
		{5377076F-62E6-4F16-A959-C3B002644CA2}.Debug|Any CPU.Build.0 = Debug|Any CPU
		{5377076F-62E6-4F16-A959-C3B002644CA2}.Release|Any CPU.ActiveCfg = Release|Any CPU
		{5377076F-62E6-4F16-A959-C3B002644CA2}.Release|Any CPU.Build.0 = Release|Any CPU
	EndGlobalSection
	GlobalSection(SolutionProperties) = preSolution
		HideSolutionNode = FALSE
	EndGlobalSection
	GlobalSection(ExtensibilityGlobals) = postSolution
		SolutionGuid = {9C3F5952-2A5F-4772-943C-7B55C19C7DCB}
	EndGlobalSection
EndGlobal
